Microsoft Visual Studio Solution File, Format Version 12.00
# Visual Studio Version 17
VisualStudioVersion = 17.9.34616.47
MinimumVisualStudioVersion = 10.0.40219.1
Project("{9A19103F-16F7-4668-BE54-9A1E7A4F7556}") = "BlockCounterCLI", "BlockCounterCLI.csproj", "{97512E38-4273-4F31-A396-736E3BA19187}"
EndProject
Project("{9A19103F-16F7-4668-BE54-9A1E7A4F7556}") = "AnvilParser", "..\AnvilParser\AnvilParser.csproj", "{3332BBF2-1676-4B67-A453-2960F18CC2D7}"
EndProject
Global
	GlobalSection(SolutionConfigurationPlatforms) = preSolution
		Debug|Any CPU = Debug|Any CPU
		Release|Any CPU = Release|Any CPU
	EndGlobalSection
	GlobalSection(ProjectConfigurationPlatforms) = postSolution
		{97512E38-4273-4F31-A396-736E3BA19187}.Debug|Any CPU.ActiveCfg = Debug|Any CPU
		{97512E38-4273-4F31-A396-736E3BA19187}.Debug|Any CPU.Build.0 = Debug|Any CPU
		{97512E38-4273-4F31-A396-736E3BA19187}.Release|Any CPU.ActiveCfg = Release|Any CPU
		{97512E38-4273-4F31-A396-736E3BA19187}.Release|Any CPU.Build.0 = Release|Any CPU
		{3332BBF2-1676-4B67-A453-2960F18CC2D7}.Debug|Any CPU.ActiveCfg = Debug|Any CPU
		{3332BBF2-1676-4B67-A453-2960F18CC2D7}.Debug|Any CPU.Build.0 = Debug|Any CPU
		{3332BBF2-1676-4B67-A453-2960F18CC2D7}.Release|Any CPU.ActiveCfg = Release|Any CPU
		{3332BBF2-1676-4B67-A453-2960F18CC2D7}.Release|Any CPU.Build.0 = Release|Any CPU
	EndGlobalSection
	GlobalSection(SolutionProperties) = preSolution
		HideSolutionNode = FALSE
	EndGlobalSection
	GlobalSection(ExtensibilityGlobals) = postSolution
		SolutionGuid = {5425073D-32B2-49CB-AD65-B7EDDA64C052}
	EndGlobalSection
EndGlobal
